// !$*UTF8*$!
{
	archiveVersion = 1;
	classes = {
	};
	objectVersion = 46;
	objects = {

/* Begin PBXBuildFile section */
		9C0CE8501B719636007073A2 /* main.m in Sources */ = {isa = PBXBuildFile; fileRef = 9C0CE84F1B719636007073A2 /* main.m */; };
		9C0CE8531B719636007073A2 /* AppDelegate.m in Sources */ = {isa = PBXBuildFile; fileRef = 9C0CE8521B719636007073A2 /* AppDelegate.m */; };
		9C0CE8561B719636007073A2 /* ViewController.m in Sources */ = {isa = PBXBuildFile; fileRef = 9C0CE8551B719636007073A2 /* ViewController.m */; };
		9C0CE8591B719636007073A2 /* Main.storyboard in Resources */ = {isa = PBXBuildFile; fileRef = 9C0CE8571B719636007073A2 /* Main.storyboard */; };
		9C0CE85B1B719636007073A2 /* Images.xcassets in Resources */ = {isa = PBXBuildFile; fileRef = 9C0CE85A1B719636007073A2 /* Images.xcassets */; };
		9C0CE85E1B719636007073A2 /* LaunchScreen.xib in Resources */ = {isa = PBXBuildFile; fileRef = 9C0CE85C1B719636007073A2 /* LaunchScreen.xib */; };
		9C0CE86A1B719636007073A2 /* NetApiTestTests.m in Sources */ = {isa = PBXBuildFile; fileRef = 9C0CE8691B719636007073A2 /* NetApiTestTests.m */; };
		9C0CE8811B719800007073A2 /* Net.m in Sources */ = {isa = PBXBuildFile; fileRef = 9C0CE8761B719800007073A2 /* Net.m */; };
		9C0CE8821B719800007073A2 /* NetRequest.m in Sources */ = {isa = PBXBuildFile; fileRef = 9C0CE8781B719800007073A2 /* NetRequest.m */; };
		9C0CE8831B719800007073A2 /* NetRequestCondition.m in Sources */ = {isa = PBXBuildFile; fileRef = 9C0CE87A1B719800007073A2 /* NetRequestCondition.m */; };
		9C0CE8841B719800007073A2 /* ZJCommonObj.m in Sources */ = {isa = PBXBuildFile; fileRef = 9C0CE87C1B719800007073A2 /* ZJCommonObj.m */; };
		9C0CE8851B719800007073A2 /* ZJNetAPI.m in Sources */ = {isa = PBXBuildFile; fileRef = 9C0CE87E1B719800007073A2 /* ZJNetAPI.m */; };
		9C0CE8881B719839007073A2 /* ZJNetObj.m in Sources */ = {isa = PBXBuildFile; fileRef = 9C0CE8871B719839007073A2 /* ZJNetObj.m */; };
		9C0CE88B1B719952007073A2 /* NSString+Category.m in Sources */ = {isa = PBXBuildFile; fileRef = 9C0CE88A1B719952007073A2 /* NSString+Category.m */; };
		9C0CE88D1B7199EE007073A2 /* CoreFoundation.framework in Frameworks */ = {isa = PBXBuildFile; fileRef = 9C0CE88C1B7199EE007073A2 /* CoreFoundation.framework */; };
		9C0CE8901B71AC2B007073A2 /* NSObject+Category.m in Sources */ = {isa = PBXBuildFile; fileRef = 9C0CE88F1B71AC2B007073A2 /* NSObject+Category.m */; };
		9C0CE8921B749F79007073A2 /* 111111.png in Resources */ = {isa = PBXBuildFile; fileRef = 9C0CE8911B749F79007073A2 /* 111111.png */; };
/* End PBXBuildFile section */

/* Begin PBXContainerItemProxy section */
		9C0CE8641B719636007073A2 /* PBXContainerItemProxy */ = {
			isa = PBXContainerItemProxy;
			containerPortal = 9C0CE8421B719636007073A2 /* Project object */;
			proxyType = 1;
			remoteGlobalIDString = 9C0CE8491B719636007073A2;
			remoteInfo = NetApiTest;
		};
/* End PBXContainerItemProxy section */

/* Begin PBXFileReference section */
		9C0CE84A1B719636007073A2 /* NetApiTest.app */ = {isa = PBXFileReference; explicitFileType = wrapper.application; includeInIndex = 0; path = NetApiTest.app; sourceTree = BUILT_PRODUCTS_DIR; };
		9C0CE84E1B719636007073A2 /* Info.plist */ = {isa = PBXFileReference; lastKnownFileType = text.plist.xml; path = Info.plist; sourceTree = "<group>"; };
		9C0CE84F1B719636007073A2 /* main.m */ = {isa = PBXFileReference; lastKnownFileType = sourcecode.c.objc; path = main.m; sourceTree = "<group>"; };
		9C0CE8511B719636007073A2 /* AppDelegate.h */ = {isa = PBXFileReference; lastKnownFileType = sourcecode.c.h; path = AppDelegate.h; sourceTree = "<group>"; };
		9C0CE8521B719636007073A2 /* AppDelegate.m */ = {isa = PBXFileReference; lastKnownFileType = sourcecode.c.objc; path = AppDelegate.m; sourceTree = "<group>"; };
		9C0CE8541B719636007073A2 /* ViewController.h */ = {isa = PBXFileReference; lastKnownFileType = sourcecode.c.h; path = ViewController.h; sourceTree = "<group>"; };
		9C0CE8551B719636007073A2 /* ViewController.m */ = {isa = PBXFileReference; lastKnownFileType = sourcecode.c.objc; path = ViewController.m; sourceTree = "<group>"; };
		9C0CE8581B719636007073A2 /* Base */ = {isa = PBXFileReference; lastKnownFileType = file.storyboard; name = Base; path = Base.lproj/Main.storyboard; sourceTree = "<group>"; };
		9C0CE85A1B719636007073A2 /* Images.xcassets */ = {isa = PBXFileReference; lastKnownFileType = folder.assetcatalog; path = Images.xcassets; sourceTree = "<group>"; };
		9C0CE85D1B719636007073A2 /* Base */ = {isa = PBXFileReference; lastKnownFileType = file.xib; name = Base; path = Base.lproj/LaunchScreen.xib; sourceTree = "<group>"; };
		9C0CE8631B719636007073A2 /* NetApiTestTests.xctest */ = {isa = PBXFileReference; explicitFileType = wrapper.cfbundle; includeInIndex = 0; path = NetApiTestTests.xctest; sourceTree = BUILT_PRODUCTS_DIR; };
		9C0CE8681B719636007073A2 /* Info.plist */ = {isa = PBXFileReference; lastKnownFileType = text.plist.xml; path = Info.plist; sourceTree = "<group>"; };
		9C0CE8691B719636007073A2 /* NetApiTestTests.m */ = {isa = PBXFileReference; lastKnownFileType = sourcecode.c.objc; path = NetApiTestTests.m; sourceTree = "<group>"; };
		9C0CE8751B719800007073A2 /* Net.h */ = {isa = PBXFileReference; fileEncoding = 4; lastKnownFileType = sourcecode.c.h; path = Net.h; sourceTree = "<group>"; };
		9C0CE8761B719800007073A2 /* Net.m */ = {isa = PBXFileReference; fileEncoding = 4; lastKnownFileType = sourcecode.c.objc; path = Net.m; sourceTree = "<group>"; };
		9C0CE8771B719800007073A2 /* NetRequest.h */ = {isa = PBXFileReference; fileEncoding = 4; lastKnownFileType = sourcecode.c.h; path = NetRequest.h; sourceTree = "<group>"; };
		9C0CE8781B719800007073A2 /* NetRequest.m */ = {isa = PBXFileReference; fileEncoding = 4; lastKnownFileType = sourcecode.c.objc; path = NetRequest.m; sourceTree = "<group>"; };
		9C0CE8791B719800007073A2 /* NetRequestCondition.h */ = {isa = PBXFileReference; fileEncoding = 4; lastKnownFileType = sourcecode.c.h; path = NetRequestCondition.h; sourceTree = "<group>"; };
		9C0CE87A1B719800007073A2 /* NetRequestCondition.m */ = {isa = PBXFileReference; fileEncoding = 4; lastKnownFileType = sourcecode.c.objc; path = NetRequestCondition.m; sourceTree = "<group>"; };
		9C0CE87B1B719800007073A2 /* ZJCommonObj.h */ = {isa = PBXFileReference; fileEncoding = 4; lastKnownFileType = sourcecode.c.h; path = ZJCommonObj.h; sourceTree = "<group>"; };
		9C0CE87C1B719800007073A2 /* ZJCommonObj.m */ = {isa = PBXFileReference; fileEncoding = 4; lastKnownFileType = sourcecode.c.objc; path = ZJCommonObj.m; sourceTree = "<group>"; };
		9C0CE87D1B719800007073A2 /* ZJNetAPI.h */ = {isa = PBXFileReference; fileEncoding = 4; lastKnownFileType = sourcecode.c.h; path = ZJNetAPI.h; sourceTree = "<group>"; };
		9C0CE87E1B719800007073A2 /* ZJNetAPI.m */ = {isa = PBXFileReference; fileEncoding = 4; lastKnownFileType = sourcecode.c.objc; path = ZJNetAPI.m; sourceTree = "<group>"; };
		9C0CE87F1B719800007073A2 /* ZJNetObj.h */ = {isa = PBXFileReference; fileEncoding = 4; lastKnownFileType = sourcecode.c.h; path = ZJNetObj.h; sourceTree = "<group>"; };
		9C0CE8871B719839007073A2 /* ZJNetObj.m */ = {isa = PBXFileReference; fileEncoding = 4; lastKnownFileType = sourcecode.c.objc; name = ZJNetObj.m; path = NetApiTest/NetWork/ZJNetObj.m; sourceTree = SOURCE_ROOT; };
		9C0CE8891B719952007073A2 /* NSString+Category.h */ = {isa = PBXFileReference; fileEncoding = 4; lastKnownFileType = sourcecode.c.h; path = "NSString+Category.h"; sourceTree = "<group>"; };
		9C0CE88A1B719952007073A2 /* NSString+Category.m */ = {isa = PBXFileReference; fileEncoding = 4; lastKnownFileType = sourcecode.c.objc; path = "NSString+Category.m"; sourceTree = "<group>"; };
		9C0CE88C1B7199EE007073A2 /* CoreFoundation.framework */ = {isa = PBXFileReference; lastKnownFileType = wrapper.framework; name = CoreFoundation.framework; path = System/Library/Frameworks/CoreFoundation.framework; sourceTree = SDKROOT; };
		9C0CE88E1B71AC2B007073A2 /* NSObject+Category.h */ = {isa = PBXFileReference; fileEncoding = 4; lastKnownFileType = sourcecode.c.h; path = "NSObject+Category.h"; sourceTree = "<group>"; };
		9C0CE88F1B71AC2B007073A2 /* NSObject+Category.m */ = {isa = PBXFileReference; fileEncoding = 4; lastKnownFileType = sourcecode.c.objc; path = "NSObject+Category.m"; sourceTree = "<group>"; };
		9C0CE8911B749F79007073A2 /* 111111.png */ = {isa = PBXFileReference; lastKnownFileType = image.png; path = 111111.png; sourceTree = "<group>"; };
/* End PBXFileReference section */

/* Begin PBXFrameworksBuildPhase section */
		9C0CE8471B719636007073A2 /* Frameworks */ = {
			isa = PBXFrameworksBuildPhase;
			buildActionMask = 2147483647;
			files = (
				9C0CE88D1B7199EE007073A2 /* CoreFoundation.framework in Frameworks */,
			);
			runOnlyForDeploymentPostprocessing = 0;
		};
		9C0CE8601B719636007073A2 /* Frameworks */ = {
			isa = PBXFrameworksBuildPhase;
			buildActionMask = 2147483647;
			files = (
			);
			runOnlyForDeploymentPostprocessing = 0;
		};
/* End PBXFrameworksBuildPhase section */

/* Begin PBXGroup section */
		9C0CE8411B719636007073A2 = {
			isa = PBXGroup;
			children = (
				9C0CE8911B749F79007073A2 /* 111111.png */,
				9C0CE88C1B7199EE007073A2 /* CoreFoundation.framework */,
				9C0CE84C1B719636007073A2 /* NetApiTest */,
				9C0CE8661B719636007073A2 /* NetApiTestTests */,
				9C0CE84B1B719636007073A2 /* Products */,
			);
			sourceTree = "<group>";
		};
		9C0CE84B1B719636007073A2 /* Products */ = {
			isa = PBXGroup;
			children = (
				9C0CE84A1B719636007073A2 /* NetApiTest.app */,
				9C0CE8631B719636007073A2 /* NetApiTestTests.xctest */,
			);
			name = Products;
			sourceTree = "<group>";
		};
		9C0CE84C1B719636007073A2 /* NetApiTest */ = {
			isa = PBXGroup;
			children = (
				9C0CE88E1B71AC2B007073A2 /* NSObject+Category.h */,
				9C0CE88F1B71AC2B007073A2 /* NSObject+Category.m */,
				9C0CE8891B719952007073A2 /* NSString+Category.h */,
				9C0CE88A1B719952007073A2 /* NSString+Category.m */,
				9C0CE8731B719800007073A2 /* NetWork */,
				9C0CE8511B719636007073A2 /* AppDelegate.h */,
				9C0CE8521B719636007073A2 /* AppDelegate.m */,
				9C0CE8541B719636007073A2 /* ViewController.h */,
				9C0CE8551B719636007073A2 /* ViewController.m */,
				9C0CE8571B719636007073A2 /* Main.storyboard */,
				9C0CE85A1B719636007073A2 /* Images.xcassets */,
				9C0CE85C1B719636007073A2 /* LaunchScreen.xib */,
				9C0CE84D1B719636007073A2 /* Supporting Files */,
			);
			path = NetApiTest;
			sourceTree = "<group>";
		};
		9C0CE84D1B719636007073A2 /* Supporting Files */ = {
			isa = PBXGroup;
			children = (
				9C0CE84E1B719636007073A2 /* Info.plist */,
				9C0CE84F1B719636007073A2 /* main.m */,
			);
			name = "Supporting Files";
			sourceTree = "<group>";
		};
		9C0CE8661B719636007073A2 /* NetApiTestTests */ = {
			isa = PBXGroup;
			children = (
				9C0CE8691B719636007073A2 /* NetApiTestTests.m */,
				9C0CE8671B719636007073A2 /* Supporting Files */,
			);
			path = NetApiTestTests;
			sourceTree = "<group>";
		};
		9C0CE8671B719636007073A2 /* Supporting Files */ = {
			isa = PBXGroup;
			children = (
				9C0CE8681B719636007073A2 /* Info.plist */,
			);
			name = "Supporting Files";
			sourceTree = "<group>";
		};
		9C0CE8731B719800007073A2 /* NetWork */ = {
			isa = PBXGroup;
			children = (
				9C0CE8741B719800007073A2 /* Net */,
				9C0CE87B1B719800007073A2 /* ZJCommonObj.h */,
				9C0CE87C1B719800007073A2 /* ZJCommonObj.m */,
				9C0CE87D1B719800007073A2 /* ZJNetAPI.h */,
				9C0CE87E1B719800007073A2 /* ZJNetAPI.m */,
				9C0CE87F1B719800007073A2 /* ZJNetObj.h */,
				9C0CE8871B719839007073A2 /* ZJNetObj.m */,
			);
			path = NetWork;
			sourceTree = "<group>";
		};
		9C0CE8741B719800007073A2 /* Net */ = {
			isa = PBXGroup;
			children = (
				9C0CE8751B719800007073A2 /* Net.h */,
				9C0CE8761B719800007073A2 /* Net.m */,
				9C0CE8771B719800007073A2 /* NetRequest.h */,
				9C0CE8781B719800007073A2 /* NetRequest.m */,
				9C0CE8791B719800007073A2 /* NetRequestCondition.h */,
				9C0CE87A1B719800007073A2 /* NetRequestCondition.m */,
			);
			path = Net;
			sourceTree = "<group>";
		};
/* End PBXGroup section */

/* Begin PBXNativeTarget section */
		9C0CE8491B719636007073A2 /* NetApiTest */ = {
			isa = PBXNativeTarget;
			buildConfigurationList = 9C0CE86D1B719636007073A2 /* Build configuration list for PBXNativeTarget "NetApiTest" */;
			buildPhases = (
				9C0CE8461B719636007073A2 /* Sources */,
				9C0CE8471B719636007073A2 /* Frameworks */,
				9C0CE8481B719636007073A2 /* Resources */,
			);
			buildRules = (
			);
			dependencies = (
			);
			name = NetApiTest;
			productName = NetApiTest;
			productReference = 9C0CE84A1B719636007073A2 /* NetApiTest.app */;
			productType = "com.apple.product-type.application";
		};
		9C0CE8621B719636007073A2 /* NetApiTestTests */ = {
			isa = PBXNativeTarget;
			buildConfigurationList = 9C0CE8701B719636007073A2 /* Build configuration list for PBXNativeTarget "NetApiTestTests" */;
			buildPhases = (
				9C0CE85F1B719636007073A2 /* Sources */,
				9C0CE8601B719636007073A2 /* Frameworks */,
				9C0CE8611B719636007073A2 /* Resources */,
			);
			buildRules = (
			);
			dependencies = (
				9C0CE8651B719636007073A2 /* PBXTargetDependency */,
			);
			name = NetApiTestTests;
			productName = NetApiTestTests;
			productReference = 9C0CE8631B719636007073A2 /* NetApiTestTests.xctest */;
			productType = "com.apple.product-type.bundle.unit-test";
		};
/* End PBXNativeTarget section */

/* Begin PBXProject section */
		9C0CE8421B719636007073A2 /* Project object */ = {
			isa = PBXProject;
			attributes = {
				LastUpgradeCheck = 0640;
				ORGANIZATIONNAME = autonavi;
				TargetAttributes = {
					9C0CE8491B719636007073A2 = {
						CreatedOnToolsVersion = 6.4;
					};
					9C0CE8621B719636007073A2 = {
						CreatedOnToolsVersion = 6.4;
						TestTargetID = 9C0CE8491B719636007073A2;
					};
				};
			};
			buildConfigurationList = 9C0CE8451B719636007073A2 /* Build configuration list for PBXProject "NetApiTest" */;
			compatibilityVersion = "Xcode 3.2";
			developmentRegion = English;
			hasScannedForEncodings = 0;
			knownRegions = (
				en,
				Base,
			);
			mainGroup = 9C0CE8411B719636007073A2;
			productRefGroup = 9C0CE84B1B719636007073A2 /* Products */;
			projectDirPath = "";
			projectRoot = "";
			targets = (
				9C0CE8491B719636007073A2 /* NetApiTest */,
				9C0CE8621B719636007073A2 /* NetApiTestTests */,
			);
		};
/* End PBXProject section */

/* Begin PBXResourcesBuildPhase section */
		9C0CE8481B719636007073A2 /* Resources */ = {
			isa = PBXResourcesBuildPhase;
			buildActionMask = 2147483647;
			files = (
				9C0CE8591B719636007073A2 /* Main.storyboard in Resources */,
				9C0CE85E1B719636007073A2 /* LaunchScreen.xib in Resources */,
				9C0CE85B1B719636007073A2 /* Images.xcassets in Resources */,
				9C0CE8921B749F79007073A2 /* 111111.png in Resources */,
			);
			runOnlyForDeploymentPostprocessing = 0;
		};
		9C0CE8611B719636007073A2 /* Resources */ = {
			isa = PBXResourcesBuildPhase;
			buildActionMask = 2147483647;
			files = (
			);
			runOnlyForDeploymentPostprocessing = 0;
		};
/* End PBXResourcesBuildPhase section */

/* Begin PBXSourcesBuildPhase section */
		9C0CE8461B719636007073A2 /* Sources */ = {
			isa = PBXSourcesBuildPhase;
			buildActionMask = 2147483647;
			files = (
				9C0CE8841B719800007073A2 /* ZJCommonObj.m in Sources */,
				9C0CE8901B71AC2B007073A2 /* NSObject+Category.m in Sources */,
				9C0CE8821B719800007073A2 /* NetRequest.m in Sources */,
				9C0CE8851B719800007073A2 /* ZJNetAPI.m in Sources */,
				9C0CE88B1B719952007073A2 /* NSString+Category.m in Sources */,
				9C0CE8561B719636007073A2 /* ViewController.m in Sources */,
				9C0CE8531B719636007073A2 /* AppDelegate.m in Sources */,
				9C0CE8831B719800007073A2 /* NetRequestCondition.m in Sources */,
				9C0CE8881B719839007073A2 /* ZJNetObj.m in Sources */,
				9C0CE8501B719636007073A2 /* main.m in Sources */,
				9C0CE8811B719800007073A2 /* Net.m in Sources */,
			);
			runOnlyForDeploymentPostprocessing = 0;
		};
		9C0CE85F1B719636007073A2 /* Sources */ = {
			isa = PBXSourcesBuildPhase;
			buildActionMask = 2147483647;
			files = (
				9C0CE86A1B719636007073A2 /* NetApiTestTests.m in Sources */,
			);
			runOnlyForDeploymentPostprocessing = 0;
		};
/* End PBXSourcesBuildPhase section */

/* Begin PBXTargetDependency section */
		9C0CE8651B719636007073A2 /* PBXTargetDependency */ = {
			isa = PBXTargetDependency;
			target = 9C0CE8491B719636007073A2 /* NetApiTest */;
			targetProxy = 9C0CE8641B719636007073A2 /* PBXContainerItemProxy */;
		};
/* End PBXTargetDependency section */

/* Begin PBXVariantGroup section */
		9C0CE8571B719636007073A2 /* Main.storyboard */ = {
			isa = PBXVariantGroup;
			children = (
				9C0CE8581B719636007073A2 /* Base */,
			);
			name = Main.storyboard;
			sourceTree = "<group>";
		};
		9C0CE85C1B719636007073A2 /* LaunchScreen.xib */ = {
			isa = PBXVariantGroup;
			children = (
				9C0CE85D1B719636007073A2 /* Base */,
			);
			name = LaunchScreen.xib;
			sourceTree = "<group>";
		};
/* End PBXVariantGroup section */

/* Begin XCBuildConfiguration section */
		9C0CE86B1B719636007073A2 /* Debug */ = {
			isa = XCBuildConfiguration;
			buildSettings = {
				ALWAYS_SEARCH_USER_PATHS = NO;
				CLANG_CXX_LANGUAGE_STANDARD = "gnu++0x";
				CLANG_CXX_LIBRARY = "libc++";
				CLANG_ENABLE_MODULES = YES;
				CLANG_ENABLE_OBJC_ARC = YES;
				CLANG_WARN_BOOL_CONVERSION = YES;
				CLANG_WARN_CONSTANT_CONVERSION = YES;
				CLANG_WARN_DIRECT_OBJC_ISA_USAGE = YES_ERROR;
				CLANG_WARN_EMPTY_BODY = YES;
				CLANG_WARN_ENUM_CONVERSION = YES;
				CLANG_WARN_INT_CONVERSION = YES;
				CLANG_WARN_OBJC_ROOT_CLASS = YES_ERROR;
				CLANG_WARN_UNREACHABLE_CODE = YES;
				CLANG_WARN__DUPLICATE_METHOD_MATCH = YES;
				"CODE_SIGN_IDENTITY[sdk=iphoneos*]" = "iPhone Developer";
				COPY_PHASE_STRIP = NO;
				DEBUG_INFORMATION_FORMAT = "dwarf-with-dsym";
				ENABLE_STRICT_OBJC_MSGSEND = YES;
				GCC_C_LANGUAGE_STANDARD = gnu99;
				GCC_DYNAMIC_NO_PIC = NO;
				GCC_NO_COMMON_BLOCKS = YES;
				GCC_OPTIMIZATION_LEVEL = 0;
				GCC_PREPROCESSOR_DEFINITIONS = (
					"DEBUG=1",
					"$(inherited)",
				);
				GCC_SYMBOLS_PRIVATE_EXTERN = NO;
				GCC_WARN_64_TO_32_BIT_CONVERSION = YES;
				GCC_WARN_ABOUT_RETURN_TYPE = YES_ERROR;
				GCC_WARN_UNDECLARED_SELECTOR = YES;
				GCC_WARN_UNINITIALIZED_AUTOS = YES_AGGRESSIVE;
				GCC_WARN_UNUSED_FUNCTION = YES;
				GCC_WARN_UNUSED_VARIABLE = YES;
				IPHONEOS_DEPLOYMENT_TARGET = 8.4;
				MTL_ENABLE_DEBUG_INFO = YES;
				ONLY_ACTIVE_ARCH = YES;
				SDKROOT = iphoneos;
			};
			name = Debug;
		};
		9C0CE86C1B719636007073A2 /* Release */ = {
			isa = XCBuildConfiguration;
			buildSettings = {
				ALWAYS_SEARCH_USER_PATHS = NO;
				CLANG_CXX_LANGUAGE_STANDARD = "gnu++0x";
				CLANG_CXX_LIBRARY = "libc++";
				CLANG_ENABLE_MODULES = YES;
				CLANG_ENABLE_OBJC_ARC = YES;
				CLANG_WARN_BOOL_CONVERSION = YES;
				CLANG_WARN_CONSTANT_CONVERSION = YES;
				CLANG_WARN_DIRECT_OBJC_ISA_USAGE = YES_ERROR;
				CLANG_WARN_EMPTY_BODY = YES;
				CLANG_WARN_ENUM_CONVERSION = YES;
				CLANG_WARN_INT_CONVERSION = YES;
				CLANG_WARN_OBJC_ROOT_CLASS = YES_ERROR;
				CLANG_WARN_UNREACHABLE_CODE = YES;
				CLANG_WARN__DUPLICATE_METHOD_MATCH = YES;
				"CODE_SIGN_IDENTITY[sdk=iphoneos*]" = "iPhone Developer";
				COPY_PHASE_STRIP = NO;
				DEBUG_INFORMATION_FORMAT = "dwarf-with-dsym";
				ENABLE_NS_ASSERTIONS = NO;
				ENABLE_STRICT_OBJC_MSGSEND = YES;
				GCC_C_LANGUAGE_STANDARD = gnu99;
				GCC_NO_COMMON_BLOCKS = YES;
				GCC_WARN_64_TO_32_BIT_CONVERSION = YES;
				GCC_WARN_ABOUT_RETURN_TYPE = YES_ERROR;
				GCC_WARN_UNDECLARED_SELECTOR = YES;
				GCC_WARN_UNINITIALIZED_AUTOS = YES_AGGRESSIVE;
				GCC_WARN_UNUSED_FUNCTION = YES;
				GCC_WARN_UNUSED_VARIABLE = YES;
				IPHONEOS_DEPLOYMENT_TARGET = 8.4;
				MTL_ENABLE_DEBUG_INFO = NO;
				SDKROOT = iphoneos;
				VALIDATE_PRODUCT = YES;
			};
			name = Release;
		};
		9C0CE86E1B719636007073A2 /* Debug */ = {
			isa = XCBuildConfiguration;
			buildSettings = {
				ASSETCATALOG_COMPILER_APPICON_NAME = AppIcon;
				CODE_SIGN_IDENTITY = "iPhone Developer: liao yu (86DE7848TL)";
				INFOPLIST_FILE = NetApiTest/Info.plist;
				IPHONEOS_DEPLOYMENT_TARGET = 7.1;
				LD_RUNPATH_SEARCH_PATHS = "$(inherited) @executable_path/Frameworks";
				PRODUCT_NAME = "$(TARGET_NAME)";
				PROVISIONING_PROFILE = "87d35d55-5d56-45c5-831c-17634179a8de";
			};
			name = Debug;
		};
		9C0CE86F1B719636007073A2 /* Release */ = {
			isa = XCBuildConfiguration;
			buildSettings = {
				ASSETCATALOG_COMPILER_APPICON_NAME = AppIcon;
				CODE_SIGN_IDENTITY = "iPhone Developer: liao yu (86DE7848TL)";
				INFOPLIST_FILE = NetApiTest/Info.plist;
				IPHONEOS_DEPLOYMENT_TARGET = 7.1;
				LD_RUNPATH_SEARCH_PATHS = "$(inherited) @executable_path/Frameworks";
				PRODUCT_NAME = "$(TARGET_NAME)";
				PROVISIONING_PROFILE = "87d35d55-5d56-45c5-831c-17634179a8de";
			};
			name = Release;
		};
		9C0CE8711B719636007073A2 /* Debug */ = {
			isa = XCBuildConfiguration;
			buildSettings = {
				BUNDLE_LOADER = "$(TEST_HOST)";
				FRAMEWORK_SEARCH_PATHS = (
					"$(SDKROOT)/Developer/Library/Frameworks",
					"$(inherited)",
				);
				GCC_PREPROCESSOR_DEFINITIONS = (
					"DEBUG=1",
					"$(inherited)",
				);
				INFOPLIST_FILE = NetApiTestTests/Info.plist;
				LD_RUNPATH_SEARCH_PATHS = "$(inherited) @executable_path/Frameworks @loader_path/Frameworks";
				PRODUCT_NAME = "$(TARGET_NAME)";
				TEST_HOST = "$(BUILT_PRODUCTS_DIR)/NetApiTest.app/NetApiTest";
			};
			name = Debug;
		};
		9C0CE8721B719636007073A2 /* Release */ = {
			isa = XCBuildConfiguration;
			buildSettings = {
				BUNDLE_LOADER = "$(TEST_HOST)";
				FRAMEWORK_SEARCH_PATHS = (
					"$(SDKROOT)/Developer/Library/Frameworks",
					"$(inherited)",
				);
				INFOPLIST_FILE = NetApiTestTests/Info.plist;
				LD_RUNPATH_SEARCH_PATHS = "$(inherited) @executable_path/Frameworks @loader_path/Frameworks";
				PRODUCT_NAME = "$(TARGET_NAME)";
				TEST_HOST = "$(BUILT_PRODUCTS_DIR)/NetApiTest.app/NetApiTest";
			};
			name = Release;
		};
/* End XCBuildConfiguration section */

/* Begin XCConfigurationList section */
		9C0CE8451B719636007073A2 /* Build configuration list for PBXProject "NetApiTest" */ = {
			isa = XCConfigurationList;
			buildConfigurations = (
				9C0CE86B1B719636007073A2 /* Debug */,
				9C0CE86C1B719636007073A2 /* Release */,
			);
			defaultConfigurationIsVisible = 0;
			defaultConfigurationName = Release;
		};
		9C0CE86D1B719636007073A2 /* Build configuration list for PBXNativeTarget "NetApiTest" */ = {
			isa = XCConfigurationList;
			buildConfigurations = (
				9C0CE86E1B719636007073A2 /* Debug */,
				9C0CE86F1B719636007073A2 /* Release */,
			);
			defaultConfigurationIsVisible = 0;
		};
		9C0CE8701B719636007073A2 /* Build configuration list for PBXNativeTarget "NetApiTestTests" */ = {
			isa = XCConfigurationList;
			buildConfigurations = (
				9C0CE8711B719636007073A2 /* Debug */,
				9C0CE8721B719636007073A2 /* Release */,
			);
			defaultConfigurationIsVisible = 0;
		};
/* End XCConfigurationList section */
	};
	rootObject = 9C0CE8421B719636007073A2 /* Project object */;
}
