// !$*UTF8*$!
{
	archiveVersion = 1;
	classes = {
	};
	objectVersion = 46;
	objects = {

/* Begin PBXBuildFile section */
		9C7E49B61A6CD72200306076 /* main.m in Sources */ = {isa = PBXBuildFile; fileRef = 9C7E49B51A6CD72200306076 /* main.m */; };
		9C7E49B91A6CD72200306076 /* AppDelegate.m in Sources */ = {isa = PBXBuildFile; fileRef = 9C7E49B81A6CD72200306076 /* AppDelegate.m */; };
		9C7E49BC1A6CD72200306076 /* ViewController.m in Sources */ = {isa = PBXBuildFile; fileRef = 9C7E49BB1A6CD72200306076 /* ViewController.m */; };
		9C7E49BF1A6CD72200306076 /* Main.storyboard in Resources */ = {isa = PBXBuildFile; fileRef = 9C7E49BD1A6CD72200306076 /* Main.storyboard */; };
		9C7E49C11A6CD72200306076 /* Images.xcassets in Resources */ = {isa = PBXBuildFile; fileRef = 9C7E49C01A6CD72200306076 /* Images.xcassets */; };
		9C7E49C41A6CD72200306076 /* LaunchScreen.xib in Resources */ = {isa = PBXBuildFile; fileRef = 9C7E49C21A6CD72200306076 /* LaunchScreen.xib */; };
		9C7E49D01A6CD72200306076 /* zvxcvTests.m in Sources */ = {isa = PBXBuildFile; fileRef = 9C7E49CF1A6CD72200306076 /* zvxcvTests.m */; };
/* End PBXBuildFile section */

/* Begin PBXContainerItemProxy section */
		9C7E49CA1A6CD72200306076 /* PBXContainerItemProxy */ = {
			isa = PBXContainerItemProxy;
			containerPortal = 9C7E49A81A6CD72200306076 /* Project object */;
			proxyType = 1;
			remoteGlobalIDString = 9C7E49AF1A6CD72200306076;
			remoteInfo = zvxcv;
		};
/* End PBXContainerItemProxy section */

/* Begin PBXFileReference section */
		9C7E49B01A6CD72200306076 /* zvxcv.app */ = {isa = PBXFileReference; explicitFileType = wrapper.application; includeInIndex = 0; path = zvxcv.app; sourceTree = BUILT_PRODUCTS_DIR; };
		9C7E49B41A6CD72200306076 /* Info.plist */ = {isa = PBXFileReference; lastKnownFileType = text.plist.xml; path = Info.plist; sourceTree = "<group>"; };
		9C7E49B51A6CD72200306076 /* main.m */ = {isa = PBXFileReference; lastKnownFileType = sourcecode.c.objc; path = main.m; sourceTree = "<group>"; };
		9C7E49B71A6CD72200306076 /* AppDelegate.h */ = {isa = PBXFileReference; lastKnownFileType = sourcecode.c.h; path = AppDelegate.h; sourceTree = "<group>"; };
		9C7E49B81A6CD72200306076 /* AppDelegate.m */ = {isa = PBXFileReference; lastKnownFileType = sourcecode.c.objc; path = AppDelegate.m; sourceTree = "<group>"; };
		9C7E49BA1A6CD72200306076 /* ViewController.h */ = {isa = PBXFileReference; lastKnownFileType = sourcecode.c.h; path = ViewController.h; sourceTree = "<group>"; };
		9C7E49BB1A6CD72200306076 /* ViewController.m */ = {isa = PBXFileReference; lastKnownFileType = sourcecode.c.objc; path = ViewController.m; sourceTree = "<group>"; };
		9C7E49BE1A6CD72200306076 /* Base */ = {isa = PBXFileReference; lastKnownFileType = file.storyboard; name = Base; path = Base.lproj/Main.storyboard; sourceTree = "<group>"; };
		9C7E49C01A6CD72200306076 /* Images.xcassets */ = {isa = PBXFileReference; lastKnownFileType = folder.assetcatalog; path = Images.xcassets; sourceTree = "<group>"; };
		9C7E49C31A6CD72200306076 /* Base */ = {isa = PBXFileReference; lastKnownFileType = file.xib; name = Base; path = Base.lproj/LaunchScreen.xib; sourceTree = "<group>"; };
		9C7E49C91A6CD72200306076 /* zvxcvTests.xctest */ = {isa = PBXFileReference; explicitFileType = wrapper.cfbundle; includeInIndex = 0; path = zvxcvTests.xctest; sourceTree = BUILT_PRODUCTS_DIR; };
		9C7E49CE1A6CD72200306076 /* Info.plist */ = {isa = PBXFileReference; lastKnownFileType = text.plist.xml; path = Info.plist; sourceTree = "<group>"; };
		9C7E49CF1A6CD72200306076 /* zvxcvTests.m */ = {isa = PBXFileReference; lastKnownFileType = sourcecode.c.objc; path = zvxcvTests.m; sourceTree = "<group>"; };
/* End PBXFileReference section */

/* Begin PBXFrameworksBuildPhase section */
		9C7E49AD1A6CD72200306076 /* Frameworks */ = {
			isa = PBXFrameworksBuildPhase;
			buildActionMask = 2147483647;
			files = (
			);
			runOnlyForDeploymentPostprocessing = 0;
		};
		9C7E49C61A6CD72200306076 /* Frameworks */ = {
			isa = PBXFrameworksBuildPhase;
			buildActionMask = 2147483647;
			files = (
			);
			runOnlyForDeploymentPostprocessing = 0;
		};
/* End PBXFrameworksBuildPhase section */

/* Begin PBXGroup section */
		9C7E49A71A6CD72200306076 = {
			isa = PBXGroup;
			children = (
				9C7E49B21A6CD72200306076 /* zvxcv */,
				9C7E49CC1A6CD72200306076 /* zvxcvTests */,
				9C7E49B11A6CD72200306076 /* Products */,
			);
			sourceTree = "<group>";
		};
		9C7E49B11A6CD72200306076 /* Products */ = {
			isa = PBXGroup;
			children = (
				9C7E49B01A6CD72200306076 /* zvxcv.app */,
				9C7E49C91A6CD72200306076 /* zvxcvTests.xctest */,
			);
			name = Products;
			sourceTree = "<group>";
		};
		9C7E49B21A6CD72200306076 /* zvxcv */ = {
			isa = PBXGroup;
			children = (
				9C7E49B71A6CD72200306076 /* AppDelegate.h */,
				9C7E49B81A6CD72200306076 /* AppDelegate.m */,
				9C7E49BA1A6CD72200306076 /* ViewController.h */,
				9C7E49BB1A6CD72200306076 /* ViewController.m */,
				9C7E49BD1A6CD72200306076 /* Main.storyboard */,
				9C7E49C01A6CD72200306076 /* Images.xcassets */,
				9C7E49C21A6CD72200306076 /* LaunchScreen.xib */,
				9C7E49B31A6CD72200306076 /* Supporting Files */,
			);
			path = zvxcv;
			sourceTree = "<group>";
		};
		9C7E49B31A6CD72200306076 /* Supporting Files */ = {
			isa = PBXGroup;
			children = (
				9C7E49B41A6CD72200306076 /* Info.plist */,
				9C7E49B51A6CD72200306076 /* main.m */,
			);
			name = "Supporting Files";
			sourceTree = "<group>";
		};
		9C7E49CC1A6CD72200306076 /* zvxcvTests */ = {
			isa = PBXGroup;
			children = (
				9C7E49CF1A6CD72200306076 /* zvxcvTests.m */,
				9C7E49CD1A6CD72200306076 /* Supporting Files */,
			);
			path = zvxcvTests;
			sourceTree = "<group>";
		};
		9C7E49CD1A6CD72200306076 /* Supporting Files */ = {
			isa = PBXGroup;
			children = (
				9C7E49CE1A6CD72200306076 /* Info.plist */,
			);
			name = "Supporting Files";
			sourceTree = "<group>";
		};
/* End PBXGroup section */

/* Begin PBXNativeTarget section */
		9C7E49AF1A6CD72200306076 /* zvxcv */ = {
			isa = PBXNativeTarget;
			buildConfigurationList = 9C7E49D31A6CD72200306076 /* Build configuration list for PBXNativeTarget "zvxcv" */;
			buildPhases = (
				9C7E49AC1A6CD72200306076 /* Sources */,
				9C7E49AD1A6CD72200306076 /* Frameworks */,
				9C7E49AE1A6CD72200306076 /* Resources */,
			);
			buildRules = (
			);
			dependencies = (
			);
			name = zvxcv;
			productName = zvxcv;
			productReference = 9C7E49B01A6CD72200306076 /* zvxcv.app */;
			productType = "com.apple.product-type.application";
		};
		9C7E49C81A6CD72200306076 /* zvxcvTests */ = {
			isa = PBXNativeTarget;
			buildConfigurationList = 9C7E49D61A6CD72200306076 /* Build configuration list for PBXNativeTarget "zvxcvTests" */;
			buildPhases = (
				9C7E49C51A6CD72200306076 /* Sources */,
				9C7E49C61A6CD72200306076 /* Frameworks */,
				9C7E49C71A6CD72200306076 /* Resources */,
			);
			buildRules = (
			);
			dependencies = (
				9C7E49CB1A6CD72200306076 /* PBXTargetDependency */,
			);
			name = zvxcvTests;
			productName = zvxcvTests;
			productReference = 9C7E49C91A6CD72200306076 /* zvxcvTests.xctest */;
			productType = "com.apple.product-type.bundle.unit-test";
		};
/* End PBXNativeTarget section */

/* Begin PBXProject section */
		9C7E49A81A6CD72200306076 /* Project object */ = {
			isa = PBXProject;
			attributes = {
				LastUpgradeCheck = 0610;
				ORGANIZATIONNAME = autonavi;
				TargetAttributes = {
					9C7E49AF1A6CD72200306076 = {
						CreatedOnToolsVersion = 6.1;
					};
					9C7E49C81A6CD72200306076 = {
						CreatedOnToolsVersion = 6.1;
						TestTargetID = 9C7E49AF1A6CD72200306076;
					};
				};
			};
			buildConfigurationList = 9C7E49AB1A6CD72200306076 /* Build configuration list for PBXProject "zvxcv" */;
			compatibilityVersion = "Xcode 3.2";
			developmentRegion = English;
			hasScannedForEncodings = 0;
			knownRegions = (
				en,
				Base,
			);
			mainGroup = 9C7E49A71A6CD72200306076;
			productRefGroup = 9C7E49B11A6CD72200306076 /* Products */;
			projectDirPath = "";
			projectRoot = "";
			targets = (
				9C7E49AF1A6CD72200306076 /* zvxcv */,
				9C7E49C81A6CD72200306076 /* zvxcvTests */,
			);
		};
/* End PBXProject section */

/* Begin PBXResourcesBuildPhase section */
		9C7E49AE1A6CD72200306076 /* Resources */ = {
			isa = PBXResourcesBuildPhase;
			buildActionMask = 2147483647;
			files = (
				9C7E49BF1A6CD72200306076 /* Main.storyboard in Resources */,
				9C7E49C41A6CD72200306076 /* LaunchScreen.xib in Resources */,
				9C7E49C11A6CD72200306076 /* Images.xcassets in Resources */,
			);
			runOnlyForDeploymentPostprocessing = 0;
		};
		9C7E49C71A6CD72200306076 /* Resources */ = {
			isa = PBXResourcesBuildPhase;
			buildActionMask = 2147483647;
			files = (
			);
			runOnlyForDeploymentPostprocessing = 0;
		};
/* End PBXResourcesBuildPhase section */

/* Begin PBXSourcesBuildPhase section */
		9C7E49AC1A6CD72200306076 /* Sources */ = {
			isa = PBXSourcesBuildPhase;
			buildActionMask = 2147483647;
			files = (
				9C7E49BC1A6CD72200306076 /* ViewController.m in Sources */,
				9C7E49B91A6CD72200306076 /* AppDelegate.m in Sources */,
				9C7E49B61A6CD72200306076 /* main.m in Sources */,
			);
			runOnlyForDeploymentPostprocessing = 0;
		};
		9C7E49C51A6CD72200306076 /* Sources */ = {
			isa = PBXSourcesBuildPhase;
			buildActionMask = 2147483647;
			files = (
				9C7E49D01A6CD72200306076 /* zvxcvTests.m in Sources */,
			);
			runOnlyForDeploymentPostprocessing = 0;
		};
/* End PBXSourcesBuildPhase section */

/* Begin PBXTargetDependency section */
		9C7E49CB1A6CD72200306076 /* PBXTargetDependency */ = {
			isa = PBXTargetDependency;
			target = 9C7E49AF1A6CD72200306076 /* zvxcv */;
			targetProxy = 9C7E49CA1A6CD72200306076 /* PBXContainerItemProxy */;
		};
/* End PBXTargetDependency section */

/* Begin PBXVariantGroup section */
		9C7E49BD1A6CD72200306076 /* Main.storyboard */ = {
			isa = PBXVariantGroup;
			children = (
				9C7E49BE1A6CD72200306076 /* Base */,
			);
			name = Main.storyboard;
			sourceTree = "<group>";
		};
		9C7E49C21A6CD72200306076 /* LaunchScreen.xib */ = {
			isa = PBXVariantGroup;
			children = (
				9C7E49C31A6CD72200306076 /* Base */,
			);
			name = LaunchScreen.xib;
			sourceTree = "<group>";
		};
/* End PBXVariantGroup section */

/* Begin XCBuildConfiguration section */
		9C7E49D11A6CD72200306076 /* Debug */ = {
			isa = XCBuildConfiguration;
			buildSettings = {
				ALWAYS_SEARCH_USER_PATHS = NO;
				CLANG_CXX_LANGUAGE_STANDARD = "gnu++0x";
				CLANG_CXX_LIBRARY = "libc++";
				CLANG_ENABLE_MODULES = YES;
				CLANG_ENABLE_OBJC_ARC = YES;
				CLANG_WARN_BOOL_CONVERSION = YES;
				CLANG_WARN_CONSTANT_CONVERSION = YES;
				CLANG_WARN_DIRECT_OBJC_ISA_USAGE = YES_ERROR;
				CLANG_WARN_EMPTY_BODY = YES;
				CLANG_WARN_ENUM_CONVERSION = YES;
				CLANG_WARN_INT_CONVERSION = YES;
				CLANG_WARN_OBJC_ROOT_CLASS = YES_ERROR;
				CLANG_WARN_UNREACHABLE_CODE = YES;
				CLANG_WARN__DUPLICATE_METHOD_MATCH = YES;
				"CODE_SIGN_IDENTITY[sdk=iphoneos*]" = "iPhone Developer";
				COPY_PHASE_STRIP = NO;
				ENABLE_STRICT_OBJC_MSGSEND = YES;
				GCC_C_LANGUAGE_STANDARD = gnu99;
				GCC_DYNAMIC_NO_PIC = NO;
				GCC_OPTIMIZATION_LEVEL = 0;
				GCC_PREPROCESSOR_DEFINITIONS = (
					"DEBUG=1",
					"$(inherited)",
				);
				GCC_SYMBOLS_PRIVATE_EXTERN = NO;
				GCC_WARN_64_TO_32_BIT_CONVERSION = YES;
				GCC_WARN_ABOUT_RETURN_TYPE = YES_ERROR;
				GCC_WARN_UNDECLARED_SELECTOR = YES;
				GCC_WARN_UNINITIALIZED_AUTOS = YES_AGGRESSIVE;
				GCC_WARN_UNUSED_FUNCTION = YES;
				GCC_WARN_UNUSED_VARIABLE = YES;
				IPHONEOS_DEPLOYMENT_TARGET = 8.1;
				MTL_ENABLE_DEBUG_INFO = YES;
				ONLY_ACTIVE_ARCH = YES;
				SDKROOT = iphoneos;
			};
			name = Debug;
		};
		9C7E49D21A6CD72200306076 /* Release */ = {
			isa = XCBuildConfiguration;
			buildSettings = {
				ALWAYS_SEARCH_USER_PATHS = NO;
				CLANG_CXX_LANGUAGE_STANDARD = "gnu++0x";
				CLANG_CXX_LIBRARY = "libc++";
				CLANG_ENABLE_MODULES = YES;
				CLANG_ENABLE_OBJC_ARC = YES;
				CLANG_WARN_BOOL_CONVERSION = YES;
				CLANG_WARN_CONSTANT_CONVERSION = YES;
				CLANG_WARN_DIRECT_OBJC_ISA_USAGE = YES_ERROR;
				CLANG_WARN_EMPTY_BODY = YES;
				CLANG_WARN_ENUM_CONVERSION = YES;
				CLANG_WARN_INT_CONVERSION = YES;
				CLANG_WARN_OBJC_ROOT_CLASS = YES_ERROR;
				CLANG_WARN_UNREACHABLE_CODE = YES;
				CLANG_WARN__DUPLICATE_METHOD_MATCH = YES;
				"CODE_SIGN_IDENTITY[sdk=iphoneos*]" = "iPhone Developer";
				COPY_PHASE_STRIP = YES;
				ENABLE_NS_ASSERTIONS = NO;
				ENABLE_STRICT_OBJC_MSGSEND = YES;
				GCC_C_LANGUAGE_STANDARD = gnu99;
				GCC_WARN_64_TO_32_BIT_CONVERSION = YES;
				GCC_WARN_ABOUT_RETURN_TYPE = YES_ERROR;
				GCC_WARN_UNDECLARED_SELECTOR = YES;
				GCC_WARN_UNINITIALIZED_AUTOS = YES_AGGRESSIVE;
				GCC_WARN_UNUSED_FUNCTION = YES;
				GCC_WARN_UNUSED_VARIABLE = YES;
				IPHONEOS_DEPLOYMENT_TARGET = 8.1;
				MTL_ENABLE_DEBUG_INFO = NO;
				SDKROOT = iphoneos;
				VALIDATE_PRODUCT = YES;
			};
			name = Release;
		};
		9C7E49D41A6CD72200306076 /* Debug */ = {
			isa = XCBuildConfiguration;
			buildSettings = {
				ASSETCATALOG_COMPILER_APPICON_NAME = AppIcon;
				INFOPLIST_FILE = zvxcv/Info.plist;
				LD_RUNPATH_SEARCH_PATHS = "$(inherited) @executable_path/Frameworks";
				PRODUCT_NAME = "$(TARGET_NAME)";
			};
			name = Debug;
		};
		9C7E49D51A6CD72200306076 /* Release */ = {
			isa = XCBuildConfiguration;
			buildSettings = {
				ASSETCATALOG_COMPILER_APPICON_NAME = AppIcon;
				INFOPLIST_FILE = zvxcv/Info.plist;
				LD_RUNPATH_SEARCH_PATHS = "$(inherited) @executable_path/Frameworks";
				PRODUCT_NAME = "$(TARGET_NAME)";
			};
			name = Release;
		};
		9C7E49D71A6CD72200306076 /* Debug */ = {
			isa = XCBuildConfiguration;
			buildSettings = {
				BUNDLE_LOADER = "$(TEST_HOST)";
				FRAMEWORK_SEARCH_PATHS = (
					"$(SDKROOT)/Developer/Library/Frameworks",
					"$(inherited)",
				);
				GCC_PREPROCESSOR_DEFINITIONS = (
					"DEBUG=1",
					"$(inherited)",
				);
				INFOPLIST_FILE = zvxcvTests/Info.plist;
				LD_RUNPATH_SEARCH_PATHS = "$(inherited) @executable_path/Frameworks @loader_path/Frameworks";
				PRODUCT_NAME = "$(TARGET_NAME)";
				TEST_HOST = "$(BUILT_PRODUCTS_DIR)/zvxcv.app/zvxcv";
			};
			name = Debug;
		};
		9C7E49D81A6CD72200306076 /* Release */ = {
			isa = XCBuildConfiguration;
			buildSettings = {
				BUNDLE_LOADER = "$(TEST_HOST)";
				FRAMEWORK_SEARCH_PATHS = (
					"$(SDKROOT)/Developer/Library/Frameworks",
					"$(inherited)",
				);
				INFOPLIST_FILE = zvxcvTests/Info.plist;
				LD_RUNPATH_SEARCH_PATHS = "$(inherited) @executable_path/Frameworks @loader_path/Frameworks";
				PRODUCT_NAME = "$(TARGET_NAME)";
				TEST_HOST = "$(BUILT_PRODUCTS_DIR)/zvxcv.app/zvxcv";
			};
			name = Release;
		};
/* End XCBuildConfiguration section */

/* Begin XCConfigurationList section */
		9C7E49AB1A6CD72200306076 /* Build configuration list for PBXProject "zvxcv" */ = {
			isa = XCConfigurationList;
			buildConfigurations = (
				9C7E49D11A6CD72200306076 /* Debug */,
				9C7E49D21A6CD72200306076 /* Release */,
			);
			defaultConfigurationIsVisible = 0;
			defaultConfigurationName = Release;
		};
		9C7E49D31A6CD72200306076 /* Build configuration list for PBXNativeTarget "zvxcv" */ = {
			isa = XCConfigurationList;
			buildConfigurations = (
				9C7E49D41A6CD72200306076 /* Debug */,
				9C7E49D51A6CD72200306076 /* Release */,
			);
			defaultConfigurationIsVisible = 0;
		};
		9C7E49D61A6CD72200306076 /* Build configuration list for PBXNativeTarget "zvxcvTests" */ = {
			isa = XCConfigurationList;
			buildConfigurations = (
				9C7E49D71A6CD72200306076 /* Debug */,
				9C7E49D81A6CD72200306076 /* Release */,
			);
			defaultConfigurationIsVisible = 0;
		};
/* End XCConfigurationList section */
	};
	rootObject = 9C7E49A81A6CD72200306076 /* Project object */;
}
