// !$*UTF8*$!
{
	archiveVersion = 1;
	classes = {
	};
	objectVersion = 46;
	objects = {

/* Begin PBXBuildFile section */
		9C5150141B1ED25300F25399 /* main.m in Sources */ = {isa = PBXBuildFile; fileRef = 9C5150131B1ED25300F25399 /* main.m */; };
		9C5150171B1ED25300F25399 /* AppDelegate.m in Sources */ = {isa = PBXBuildFile; fileRef = 9C5150161B1ED25300F25399 /* AppDelegate.m */; };
		9C51501A1B1ED25300F25399 /* ViewController.m in Sources */ = {isa = PBXBuildFile; fileRef = 9C5150191B1ED25300F25399 /* ViewController.m */; };
		9C51501D1B1ED25300F25399 /* Main.storyboard in Resources */ = {isa = PBXBuildFile; fileRef = 9C51501B1B1ED25300F25399 /* Main.storyboard */; };
		9C51501F1B1ED25300F25399 /* Images.xcassets in Resources */ = {isa = PBXBuildFile; fileRef = 9C51501E1B1ED25300F25399 /* Images.xcassets */; };
		9C5150221B1ED25300F25399 /* LaunchScreen.xib in Resources */ = {isa = PBXBuildFile; fileRef = 9C5150201B1ED25300F25399 /* LaunchScreen.xib */; };
		9C51502E1B1ED25300F25399 /* framtestTests.m in Sources */ = {isa = PBXBuildFile; fileRef = 9C51502D1B1ED25300F25399 /* framtestTests.m */; };
/* End PBXBuildFile section */

/* Begin PBXContainerItemProxy section */
		9C5150281B1ED25300F25399 /* PBXContainerItemProxy */ = {
			isa = PBXContainerItemProxy;
			containerPortal = 9C5150061B1ED25200F25399 /* Project object */;
			proxyType = 1;
			remoteGlobalIDString = 9C51500D1B1ED25200F25399;
			remoteInfo = framtest;
		};
/* End PBXContainerItemProxy section */

/* Begin PBXFileReference section */
		9C51500E1B1ED25200F25399 /* framtest.app */ = {isa = PBXFileReference; explicitFileType = wrapper.application; includeInIndex = 0; path = framtest.app; sourceTree = BUILT_PRODUCTS_DIR; };
		9C5150121B1ED25200F25399 /* Info.plist */ = {isa = PBXFileReference; lastKnownFileType = text.plist.xml; path = Info.plist; sourceTree = "<group>"; };
		9C5150131B1ED25300F25399 /* main.m */ = {isa = PBXFileReference; lastKnownFileType = sourcecode.c.objc; path = main.m; sourceTree = "<group>"; };
		9C5150151B1ED25300F25399 /* AppDelegate.h */ = {isa = PBXFileReference; lastKnownFileType = sourcecode.c.h; path = AppDelegate.h; sourceTree = "<group>"; };
		9C5150161B1ED25300F25399 /* AppDelegate.m */ = {isa = PBXFileReference; lastKnownFileType = sourcecode.c.objc; path = AppDelegate.m; sourceTree = "<group>"; };
		9C5150181B1ED25300F25399 /* ViewController.h */ = {isa = PBXFileReference; lastKnownFileType = sourcecode.c.h; path = ViewController.h; sourceTree = "<group>"; };
		9C5150191B1ED25300F25399 /* ViewController.m */ = {isa = PBXFileReference; lastKnownFileType = sourcecode.c.objc; path = ViewController.m; sourceTree = "<group>"; };
		9C51501C1B1ED25300F25399 /* Base */ = {isa = PBXFileReference; lastKnownFileType = file.storyboard; name = Base; path = Base.lproj/Main.storyboard; sourceTree = "<group>"; };
		9C51501E1B1ED25300F25399 /* Images.xcassets */ = {isa = PBXFileReference; lastKnownFileType = folder.assetcatalog; path = Images.xcassets; sourceTree = "<group>"; };
		9C5150211B1ED25300F25399 /* Base */ = {isa = PBXFileReference; lastKnownFileType = file.xib; name = Base; path = Base.lproj/LaunchScreen.xib; sourceTree = "<group>"; };
		9C5150271B1ED25300F25399 /* framtestTests.xctest */ = {isa = PBXFileReference; explicitFileType = wrapper.cfbundle; includeInIndex = 0; path = framtestTests.xctest; sourceTree = BUILT_PRODUCTS_DIR; };
		9C51502C1B1ED25300F25399 /* Info.plist */ = {isa = PBXFileReference; lastKnownFileType = text.plist.xml; path = Info.plist; sourceTree = "<group>"; };
		9C51502D1B1ED25300F25399 /* framtestTests.m */ = {isa = PBXFileReference; lastKnownFileType = sourcecode.c.objc; path = framtestTests.m; sourceTree = "<group>"; };
/* End PBXFileReference section */

/* Begin PBXFrameworksBuildPhase section */
		9C51500B1B1ED25200F25399 /* Frameworks */ = {
			isa = PBXFrameworksBuildPhase;
			buildActionMask = 2147483647;
			files = (
			);
			runOnlyForDeploymentPostprocessing = 0;
		};
		9C5150241B1ED25300F25399 /* Frameworks */ = {
			isa = PBXFrameworksBuildPhase;
			buildActionMask = 2147483647;
			files = (
			);
			runOnlyForDeploymentPostprocessing = 0;
		};
/* End PBXFrameworksBuildPhase section */

/* Begin PBXGroup section */
		9C5150051B1ED25200F25399 = {
			isa = PBXGroup;
			children = (
				9C5150101B1ED25200F25399 /* framtest */,
				9C51502A1B1ED25300F25399 /* framtestTests */,
				9C51500F1B1ED25200F25399 /* Products */,
			);
			sourceTree = "<group>";
		};
		9C51500F1B1ED25200F25399 /* Products */ = {
			isa = PBXGroup;
			children = (
				9C51500E1B1ED25200F25399 /* framtest.app */,
				9C5150271B1ED25300F25399 /* framtestTests.xctest */,
			);
			name = Products;
			sourceTree = "<group>";
		};
		9C5150101B1ED25200F25399 /* framtest */ = {
			isa = PBXGroup;
			children = (
				9C5150151B1ED25300F25399 /* AppDelegate.h */,
				9C5150161B1ED25300F25399 /* AppDelegate.m */,
				9C5150181B1ED25300F25399 /* ViewController.h */,
				9C5150191B1ED25300F25399 /* ViewController.m */,
				9C51501B1B1ED25300F25399 /* Main.storyboard */,
				9C51501E1B1ED25300F25399 /* Images.xcassets */,
				9C5150201B1ED25300F25399 /* LaunchScreen.xib */,
				9C5150111B1ED25200F25399 /* Supporting Files */,
			);
			path = framtest;
			sourceTree = "<group>";
		};
		9C5150111B1ED25200F25399 /* Supporting Files */ = {
			isa = PBXGroup;
			children = (
				9C5150121B1ED25200F25399 /* Info.plist */,
				9C5150131B1ED25300F25399 /* main.m */,
			);
			name = "Supporting Files";
			sourceTree = "<group>";
		};
		9C51502A1B1ED25300F25399 /* framtestTests */ = {
			isa = PBXGroup;
			children = (
				9C51502D1B1ED25300F25399 /* framtestTests.m */,
				9C51502B1B1ED25300F25399 /* Supporting Files */,
			);
			path = framtestTests;
			sourceTree = "<group>";
		};
		9C51502B1B1ED25300F25399 /* Supporting Files */ = {
			isa = PBXGroup;
			children = (
				9C51502C1B1ED25300F25399 /* Info.plist */,
			);
			name = "Supporting Files";
			sourceTree = "<group>";
		};
/* End PBXGroup section */

/* Begin PBXNativeTarget section */
		9C51500D1B1ED25200F25399 /* framtest */ = {
			isa = PBXNativeTarget;
			buildConfigurationList = 9C5150311B1ED25300F25399 /* Build configuration list for PBXNativeTarget "framtest" */;
			buildPhases = (
				9C51500A1B1ED25200F25399 /* Sources */,
				9C51500B1B1ED25200F25399 /* Frameworks */,
				9C51500C1B1ED25200F25399 /* Resources */,
			);
			buildRules = (
			);
			dependencies = (
			);
			name = framtest;
			productName = framtest;
			productReference = 9C51500E1B1ED25200F25399 /* framtest.app */;
			productType = "com.apple.product-type.application";
		};
		9C5150261B1ED25300F25399 /* framtestTests */ = {
			isa = PBXNativeTarget;
			buildConfigurationList = 9C5150341B1ED25300F25399 /* Build configuration list for PBXNativeTarget "framtestTests" */;
			buildPhases = (
				9C5150231B1ED25300F25399 /* Sources */,
				9C5150241B1ED25300F25399 /* Frameworks */,
				9C5150251B1ED25300F25399 /* Resources */,
			);
			buildRules = (
			);
			dependencies = (
				9C5150291B1ED25300F25399 /* PBXTargetDependency */,
			);
			name = framtestTests;
			productName = framtestTests;
			productReference = 9C5150271B1ED25300F25399 /* framtestTests.xctest */;
			productType = "com.apple.product-type.bundle.unit-test";
		};
/* End PBXNativeTarget section */

/* Begin PBXProject section */
		9C5150061B1ED25200F25399 /* Project object */ = {
			isa = PBXProject;
			attributes = {
				LastUpgradeCheck = 0630;
				ORGANIZATIONNAME = autonavi;
				TargetAttributes = {
					9C51500D1B1ED25200F25399 = {
						CreatedOnToolsVersion = 6.3;
					};
					9C5150261B1ED25300F25399 = {
						CreatedOnToolsVersion = 6.3;
						TestTargetID = 9C51500D1B1ED25200F25399;
					};
				};
			};
			buildConfigurationList = 9C5150091B1ED25200F25399 /* Build configuration list for PBXProject "framtest" */;
			compatibilityVersion = "Xcode 3.2";
			developmentRegion = English;
			hasScannedForEncodings = 0;
			knownRegions = (
				en,
				Base,
			);
			mainGroup = 9C5150051B1ED25200F25399;
			productRefGroup = 9C51500F1B1ED25200F25399 /* Products */;
			projectDirPath = "";
			projectRoot = "";
			targets = (
				9C51500D1B1ED25200F25399 /* framtest */,
				9C5150261B1ED25300F25399 /* framtestTests */,
			);
		};
/* End PBXProject section */

/* Begin PBXResourcesBuildPhase section */
		9C51500C1B1ED25200F25399 /* Resources */ = {
			isa = PBXResourcesBuildPhase;
			buildActionMask = 2147483647;
			files = (
				9C51501D1B1ED25300F25399 /* Main.storyboard in Resources */,
				9C5150221B1ED25300F25399 /* LaunchScreen.xib in Resources */,
				9C51501F1B1ED25300F25399 /* Images.xcassets in Resources */,
			);
			runOnlyForDeploymentPostprocessing = 0;
		};
		9C5150251B1ED25300F25399 /* Resources */ = {
			isa = PBXResourcesBuildPhase;
			buildActionMask = 2147483647;
			files = (
			);
			runOnlyForDeploymentPostprocessing = 0;
		};
/* End PBXResourcesBuildPhase section */

/* Begin PBXSourcesBuildPhase section */
		9C51500A1B1ED25200F25399 /* Sources */ = {
			isa = PBXSourcesBuildPhase;
			buildActionMask = 2147483647;
			files = (
				9C51501A1B1ED25300F25399 /* ViewController.m in Sources */,
				9C5150171B1ED25300F25399 /* AppDelegate.m in Sources */,
				9C5150141B1ED25300F25399 /* main.m in Sources */,
			);
			runOnlyForDeploymentPostprocessing = 0;
		};
		9C5150231B1ED25300F25399 /* Sources */ = {
			isa = PBXSourcesBuildPhase;
			buildActionMask = 2147483647;
			files = (
				9C51502E1B1ED25300F25399 /* framtestTests.m in Sources */,
			);
			runOnlyForDeploymentPostprocessing = 0;
		};
/* End PBXSourcesBuildPhase section */

/* Begin PBXTargetDependency section */
		9C5150291B1ED25300F25399 /* PBXTargetDependency */ = {
			isa = PBXTargetDependency;
			target = 9C51500D1B1ED25200F25399 /* framtest */;
			targetProxy = 9C5150281B1ED25300F25399 /* PBXContainerItemProxy */;
		};
/* End PBXTargetDependency section */

/* Begin PBXVariantGroup section */
		9C51501B1B1ED25300F25399 /* Main.storyboard */ = {
			isa = PBXVariantGroup;
			children = (
				9C51501C1B1ED25300F25399 /* Base */,
			);
			name = Main.storyboard;
			sourceTree = "<group>";
		};
		9C5150201B1ED25300F25399 /* LaunchScreen.xib */ = {
			isa = PBXVariantGroup;
			children = (
				9C5150211B1ED25300F25399 /* Base */,
			);
			name = LaunchScreen.xib;
			sourceTree = "<group>";
		};
/* End PBXVariantGroup section */

/* Begin XCBuildConfiguration section */
		9C51502F1B1ED25300F25399 /* Debug */ = {
			isa = XCBuildConfiguration;
			buildSettings = {
				ALWAYS_SEARCH_USER_PATHS = NO;
				CLANG_CXX_LANGUAGE_STANDARD = "gnu++0x";
				CLANG_CXX_LIBRARY = "libc++";
				CLANG_ENABLE_MODULES = YES;
				CLANG_ENABLE_OBJC_ARC = YES;
				CLANG_WARN_BOOL_CONVERSION = YES;
				CLANG_WARN_CONSTANT_CONVERSION = YES;
				CLANG_WARN_DIRECT_OBJC_ISA_USAGE = YES_ERROR;
				CLANG_WARN_EMPTY_BODY = YES;
				CLANG_WARN_ENUM_CONVERSION = YES;
				CLANG_WARN_INT_CONVERSION = YES;
				CLANG_WARN_OBJC_ROOT_CLASS = YES_ERROR;
				CLANG_WARN_UNREACHABLE_CODE = YES;
				CLANG_WARN__DUPLICATE_METHOD_MATCH = YES;
				"CODE_SIGN_IDENTITY[sdk=iphoneos*]" = "iPhone Developer";
				COPY_PHASE_STRIP = NO;
				DEBUG_INFORMATION_FORMAT = "dwarf-with-dsym";
				ENABLE_STRICT_OBJC_MSGSEND = YES;
				GCC_C_LANGUAGE_STANDARD = gnu99;
				GCC_DYNAMIC_NO_PIC = NO;
				GCC_NO_COMMON_BLOCKS = YES;
				GCC_OPTIMIZATION_LEVEL = 0;
				GCC_PREPROCESSOR_DEFINITIONS = (
					"DEBUG=1",
					"$(inherited)",
				);
				GCC_SYMBOLS_PRIVATE_EXTERN = NO;
				GCC_WARN_64_TO_32_BIT_CONVERSION = YES;
				GCC_WARN_ABOUT_RETURN_TYPE = YES_ERROR;
				GCC_WARN_UNDECLARED_SELECTOR = YES;
				GCC_WARN_UNINITIALIZED_AUTOS = YES_AGGRESSIVE;
				GCC_WARN_UNUSED_FUNCTION = YES;
				GCC_WARN_UNUSED_VARIABLE = YES;
				IPHONEOS_DEPLOYMENT_TARGET = 8.3;
				MTL_ENABLE_DEBUG_INFO = YES;
				ONLY_ACTIVE_ARCH = YES;
				SDKROOT = iphoneos;
			};
			name = Debug;
		};
		9C5150301B1ED25300F25399 /* Release */ = {
			isa = XCBuildConfiguration;
			buildSettings = {
				ALWAYS_SEARCH_USER_PATHS = NO;
				CLANG_CXX_LANGUAGE_STANDARD = "gnu++0x";
				CLANG_CXX_LIBRARY = "libc++";
				CLANG_ENABLE_MODULES = YES;
				CLANG_ENABLE_OBJC_ARC = YES;
				CLANG_WARN_BOOL_CONVERSION = YES;
				CLANG_WARN_CONSTANT_CONVERSION = YES;
				CLANG_WARN_DIRECT_OBJC_ISA_USAGE = YES_ERROR;
				CLANG_WARN_EMPTY_BODY = YES;
				CLANG_WARN_ENUM_CONVERSION = YES;
				CLANG_WARN_INT_CONVERSION = YES;
				CLANG_WARN_OBJC_ROOT_CLASS = YES_ERROR;
				CLANG_WARN_UNREACHABLE_CODE = YES;
				CLANG_WARN__DUPLICATE_METHOD_MATCH = YES;
				"CODE_SIGN_IDENTITY[sdk=iphoneos*]" = "iPhone Developer";
				COPY_PHASE_STRIP = NO;
				DEBUG_INFORMATION_FORMAT = "dwarf-with-dsym";
				ENABLE_NS_ASSERTIONS = NO;
				ENABLE_STRICT_OBJC_MSGSEND = YES;
				GCC_C_LANGUAGE_STANDARD = gnu99;
				GCC_NO_COMMON_BLOCKS = YES;
				GCC_WARN_64_TO_32_BIT_CONVERSION = YES;
				GCC_WARN_ABOUT_RETURN_TYPE = YES_ERROR;
				GCC_WARN_UNDECLARED_SELECTOR = YES;
				GCC_WARN_UNINITIALIZED_AUTOS = YES_AGGRESSIVE;
				GCC_WARN_UNUSED_FUNCTION = YES;
				GCC_WARN_UNUSED_VARIABLE = YES;
				IPHONEOS_DEPLOYMENT_TARGET = 8.3;
				MTL_ENABLE_DEBUG_INFO = NO;
				SDKROOT = iphoneos;
				VALIDATE_PRODUCT = YES;
			};
			name = Release;
		};
		9C5150321B1ED25300F25399 /* Debug */ = {
			isa = XCBuildConfiguration;
			buildSettings = {
				ASSETCATALOG_COMPILER_APPICON_NAME = AppIcon;
				ASSETCATALOG_COMPILER_LAUNCHIMAGE_NAME = LaunchImage;
				CODE_SIGN_IDENTITY = "iPhone Developer: liao yu (86DE7848TL)";
				INFOPLIST_FILE = framtest/Info.plist;
				IPHONEOS_DEPLOYMENT_TARGET = 7.0;
				LD_RUNPATH_SEARCH_PATHS = "$(inherited) @executable_path/Frameworks";
				PRODUCT_NAME = "$(TARGET_NAME)";
				PROVISIONING_PROFILE = "8d004973-7974-40a6-a62f-50f1ebf05dae";
			};
			name = Debug;
		};
		9C5150331B1ED25300F25399 /* Release */ = {
			isa = XCBuildConfiguration;
			buildSettings = {
				ASSETCATALOG_COMPILER_APPICON_NAME = AppIcon;
				ASSETCATALOG_COMPILER_LAUNCHIMAGE_NAME = LaunchImage;
				CODE_SIGN_IDENTITY = "iPhone Developer: liao yu (86DE7848TL)";
				INFOPLIST_FILE = framtest/Info.plist;
				IPHONEOS_DEPLOYMENT_TARGET = 7.0;
				LD_RUNPATH_SEARCH_PATHS = "$(inherited) @executable_path/Frameworks";
				PRODUCT_NAME = "$(TARGET_NAME)";
				PROVISIONING_PROFILE = "8d004973-7974-40a6-a62f-50f1ebf05dae";
			};
			name = Release;
		};
		9C5150351B1ED25300F25399 /* Debug */ = {
			isa = XCBuildConfiguration;
			buildSettings = {
				BUNDLE_LOADER = "$(TEST_HOST)";
				FRAMEWORK_SEARCH_PATHS = (
					"$(SDKROOT)/Developer/Library/Frameworks",
					"$(inherited)",
				);
				GCC_PREPROCESSOR_DEFINITIONS = (
					"DEBUG=1",
					"$(inherited)",
				);
				INFOPLIST_FILE = framtestTests/Info.plist;
				LD_RUNPATH_SEARCH_PATHS = "$(inherited) @executable_path/Frameworks @loader_path/Frameworks";
				PRODUCT_NAME = "$(TARGET_NAME)";
				TEST_HOST = "$(BUILT_PRODUCTS_DIR)/framtest.app/framtest";
			};
			name = Debug;
		};
		9C5150361B1ED25300F25399 /* Release */ = {
			isa = XCBuildConfiguration;
			buildSettings = {
				BUNDLE_LOADER = "$(TEST_HOST)";
				FRAMEWORK_SEARCH_PATHS = (
					"$(SDKROOT)/Developer/Library/Frameworks",
					"$(inherited)",
				);
				INFOPLIST_FILE = framtestTests/Info.plist;
				LD_RUNPATH_SEARCH_PATHS = "$(inherited) @executable_path/Frameworks @loader_path/Frameworks";
				PRODUCT_NAME = "$(TARGET_NAME)";
				TEST_HOST = "$(BUILT_PRODUCTS_DIR)/framtest.app/framtest";
			};
			name = Release;
		};
/* End XCBuildConfiguration section */

/* Begin XCConfigurationList section */
		9C5150091B1ED25200F25399 /* Build configuration list for PBXProject "framtest" */ = {
			isa = XCConfigurationList;
			buildConfigurations = (
				9C51502F1B1ED25300F25399 /* Debug */,
				9C5150301B1ED25300F25399 /* Release */,
			);
			defaultConfigurationIsVisible = 0;
			defaultConfigurationName = Release;
		};
		9C5150311B1ED25300F25399 /* Build configuration list for PBXNativeTarget "framtest" */ = {
			isa = XCConfigurationList;
			buildConfigurations = (
				9C5150321B1ED25300F25399 /* Debug */,
				9C5150331B1ED25300F25399 /* Release */,
			);
			defaultConfigurationIsVisible = 0;
		};
		9C5150341B1ED25300F25399 /* Build configuration list for PBXNativeTarget "framtestTests" */ = {
			isa = XCConfigurationList;
			buildConfigurations = (
				9C5150351B1ED25300F25399 /* Debug */,
				9C5150361B1ED25300F25399 /* Release */,
			);
			defaultConfigurationIsVisible = 0;
		};
/* End XCConfigurationList section */
	};
	rootObject = 9C5150061B1ED25200F25399 /* Project object */;
}
