// !$*UTF8*$!
{
	archiveVersion = 1;
	classes = {
	};
	objectVersion = 46;
	objects = {

/* Begin PBXBuildFile section */
		9C4631191AC3F858004A5F5F /* main.m in Sources */ = {isa = PBXBuildFile; fileRef = 9C4631181AC3F858004A5F5F /* main.m */; };
		9C46311C1AC3F858004A5F5F /* AppDelegate.m in Sources */ = {isa = PBXBuildFile; fileRef = 9C46311B1AC3F858004A5F5F /* AppDelegate.m */; };
		9C46311F1AC3F858004A5F5F /* ViewController.m in Sources */ = {isa = PBXBuildFile; fileRef = 9C46311E1AC3F858004A5F5F /* ViewController.m */; };
		9C4631221AC3F859004A5F5F /* Main.storyboard in Resources */ = {isa = PBXBuildFile; fileRef = 9C4631201AC3F858004A5F5F /* Main.storyboard */; };
		9C4631241AC3F859004A5F5F /* Images.xcassets in Resources */ = {isa = PBXBuildFile; fileRef = 9C4631231AC3F859004A5F5F /* Images.xcassets */; };
		9C4631271AC3F859004A5F5F /* LaunchScreen.xib in Resources */ = {isa = PBXBuildFile; fileRef = 9C4631251AC3F859004A5F5F /* LaunchScreen.xib */; };
		9C4631331AC3F859004A5F5F /* AlgorithmTestTests.m in Sources */ = {isa = PBXBuildFile; fileRef = 9C4631321AC3F859004A5F5F /* AlgorithmTestTests.m */; };
/* End PBXBuildFile section */

/* Begin PBXContainerItemProxy section */
		9C46312D1AC3F859004A5F5F /* PBXContainerItemProxy */ = {
			isa = PBXContainerItemProxy;
			containerPortal = 9C46310B1AC3F858004A5F5F /* Project object */;
			proxyType = 1;
			remoteGlobalIDString = 9C4631121AC3F858004A5F5F;
			remoteInfo = AlgorithmTest;
		};
/* End PBXContainerItemProxy section */

/* Begin PBXFileReference section */
		9C4631131AC3F858004A5F5F /* AlgorithmTest.app */ = {isa = PBXFileReference; explicitFileType = wrapper.application; includeInIndex = 0; path = AlgorithmTest.app; sourceTree = BUILT_PRODUCTS_DIR; };
		9C4631171AC3F858004A5F5F /* Info.plist */ = {isa = PBXFileReference; lastKnownFileType = text.plist.xml; path = Info.plist; sourceTree = "<group>"; };
		9C4631181AC3F858004A5F5F /* main.m */ = {isa = PBXFileReference; lastKnownFileType = sourcecode.c.objc; path = main.m; sourceTree = "<group>"; };
		9C46311A1AC3F858004A5F5F /* AppDelegate.h */ = {isa = PBXFileReference; lastKnownFileType = sourcecode.c.h; path = AppDelegate.h; sourceTree = "<group>"; };
		9C46311B1AC3F858004A5F5F /* AppDelegate.m */ = {isa = PBXFileReference; lastKnownFileType = sourcecode.c.objc; path = AppDelegate.m; sourceTree = "<group>"; };
		9C46311D1AC3F858004A5F5F /* ViewController.h */ = {isa = PBXFileReference; lastKnownFileType = sourcecode.c.h; path = ViewController.h; sourceTree = "<group>"; };
		9C46311E1AC3F858004A5F5F /* ViewController.m */ = {isa = PBXFileReference; lastKnownFileType = sourcecode.c.objc; path = ViewController.m; sourceTree = "<group>"; };
		9C4631211AC3F859004A5F5F /* Base */ = {isa = PBXFileReference; lastKnownFileType = file.storyboard; name = Base; path = Base.lproj/Main.storyboard; sourceTree = "<group>"; };
		9C4631231AC3F859004A5F5F /* Images.xcassets */ = {isa = PBXFileReference; lastKnownFileType = folder.assetcatalog; path = Images.xcassets; sourceTree = "<group>"; };
		9C4631261AC3F859004A5F5F /* Base */ = {isa = PBXFileReference; lastKnownFileType = file.xib; name = Base; path = Base.lproj/LaunchScreen.xib; sourceTree = "<group>"; };
		9C46312C1AC3F859004A5F5F /* AlgorithmTestTests.xctest */ = {isa = PBXFileReference; explicitFileType = wrapper.cfbundle; includeInIndex = 0; path = AlgorithmTestTests.xctest; sourceTree = BUILT_PRODUCTS_DIR; };
		9C4631311AC3F859004A5F5F /* Info.plist */ = {isa = PBXFileReference; lastKnownFileType = text.plist.xml; path = Info.plist; sourceTree = "<group>"; };
		9C4631321AC3F859004A5F5F /* AlgorithmTestTests.m */ = {isa = PBXFileReference; lastKnownFileType = sourcecode.c.objc; path = AlgorithmTestTests.m; sourceTree = "<group>"; };
/* End PBXFileReference section */

/* Begin PBXFrameworksBuildPhase section */
		9C4631101AC3F858004A5F5F /* Frameworks */ = {
			isa = PBXFrameworksBuildPhase;
			buildActionMask = 2147483647;
			files = (
			);
			runOnlyForDeploymentPostprocessing = 0;
		};
		9C4631291AC3F859004A5F5F /* Frameworks */ = {
			isa = PBXFrameworksBuildPhase;
			buildActionMask = 2147483647;
			files = (
			);
			runOnlyForDeploymentPostprocessing = 0;
		};
/* End PBXFrameworksBuildPhase section */

/* Begin PBXGroup section */
		9C46310A1AC3F858004A5F5F = {
			isa = PBXGroup;
			children = (
				9C4631151AC3F858004A5F5F /* AlgorithmTest */,
				9C46312F1AC3F859004A5F5F /* AlgorithmTestTests */,
				9C4631141AC3F858004A5F5F /* Products */,
			);
			sourceTree = "<group>";
		};
		9C4631141AC3F858004A5F5F /* Products */ = {
			isa = PBXGroup;
			children = (
				9C4631131AC3F858004A5F5F /* AlgorithmTest.app */,
				9C46312C1AC3F859004A5F5F /* AlgorithmTestTests.xctest */,
			);
			name = Products;
			sourceTree = "<group>";
		};
		9C4631151AC3F858004A5F5F /* AlgorithmTest */ = {
			isa = PBXGroup;
			children = (
				9C46311A1AC3F858004A5F5F /* AppDelegate.h */,
				9C46311B1AC3F858004A5F5F /* AppDelegate.m */,
				9C46311D1AC3F858004A5F5F /* ViewController.h */,
				9C46311E1AC3F858004A5F5F /* ViewController.m */,
				9C4631201AC3F858004A5F5F /* Main.storyboard */,
				9C4631231AC3F859004A5F5F /* Images.xcassets */,
				9C4631251AC3F859004A5F5F /* LaunchScreen.xib */,
				9C4631161AC3F858004A5F5F /* Supporting Files */,
			);
			path = AlgorithmTest;
			sourceTree = "<group>";
		};
		9C4631161AC3F858004A5F5F /* Supporting Files */ = {
			isa = PBXGroup;
			children = (
				9C4631171AC3F858004A5F5F /* Info.plist */,
				9C4631181AC3F858004A5F5F /* main.m */,
			);
			name = "Supporting Files";
			sourceTree = "<group>";
		};
		9C46312F1AC3F859004A5F5F /* AlgorithmTestTests */ = {
			isa = PBXGroup;
			children = (
				9C4631321AC3F859004A5F5F /* AlgorithmTestTests.m */,
				9C4631301AC3F859004A5F5F /* Supporting Files */,
			);
			path = AlgorithmTestTests;
			sourceTree = "<group>";
		};
		9C4631301AC3F859004A5F5F /* Supporting Files */ = {
			isa = PBXGroup;
			children = (
				9C4631311AC3F859004A5F5F /* Info.plist */,
			);
			name = "Supporting Files";
			sourceTree = "<group>";
		};
/* End PBXGroup section */

/* Begin PBXNativeTarget section */
		9C4631121AC3F858004A5F5F /* AlgorithmTest */ = {
			isa = PBXNativeTarget;
			buildConfigurationList = 9C4631361AC3F859004A5F5F /* Build configuration list for PBXNativeTarget "AlgorithmTest" */;
			buildPhases = (
				9C46310F1AC3F858004A5F5F /* Sources */,
				9C4631101AC3F858004A5F5F /* Frameworks */,
				9C4631111AC3F858004A5F5F /* Resources */,
			);
			buildRules = (
			);
			dependencies = (
			);
			name = AlgorithmTest;
			productName = AlgorithmTest;
			productReference = 9C4631131AC3F858004A5F5F /* AlgorithmTest.app */;
			productType = "com.apple.product-type.application";
		};
		9C46312B1AC3F859004A5F5F /* AlgorithmTestTests */ = {
			isa = PBXNativeTarget;
			buildConfigurationList = 9C4631391AC3F859004A5F5F /* Build configuration list for PBXNativeTarget "AlgorithmTestTests" */;
			buildPhases = (
				9C4631281AC3F859004A5F5F /* Sources */,
				9C4631291AC3F859004A5F5F /* Frameworks */,
				9C46312A1AC3F859004A5F5F /* Resources */,
			);
			buildRules = (
			);
			dependencies = (
				9C46312E1AC3F859004A5F5F /* PBXTargetDependency */,
			);
			name = AlgorithmTestTests;
			productName = AlgorithmTestTests;
			productReference = 9C46312C1AC3F859004A5F5F /* AlgorithmTestTests.xctest */;
			productType = "com.apple.product-type.bundle.unit-test";
		};
/* End PBXNativeTarget section */

/* Begin PBXProject section */
		9C46310B1AC3F858004A5F5F /* Project object */ = {
			isa = PBXProject;
			attributes = {
				LastUpgradeCheck = 0610;
				ORGANIZATIONNAME = autonavi;
				TargetAttributes = {
					9C4631121AC3F858004A5F5F = {
						CreatedOnToolsVersion = 6.1;
					};
					9C46312B1AC3F859004A5F5F = {
						CreatedOnToolsVersion = 6.1;
						TestTargetID = 9C4631121AC3F858004A5F5F;
					};
				};
			};
			buildConfigurationList = 9C46310E1AC3F858004A5F5F /* Build configuration list for PBXProject "AlgorithmTest" */;
			compatibilityVersion = "Xcode 3.2";
			developmentRegion = English;
			hasScannedForEncodings = 0;
			knownRegions = (
				en,
				Base,
			);
			mainGroup = 9C46310A1AC3F858004A5F5F;
			productRefGroup = 9C4631141AC3F858004A5F5F /* Products */;
			projectDirPath = "";
			projectRoot = "";
			targets = (
				9C4631121AC3F858004A5F5F /* AlgorithmTest */,
				9C46312B1AC3F859004A5F5F /* AlgorithmTestTests */,
			);
		};
/* End PBXProject section */

/* Begin PBXResourcesBuildPhase section */
		9C4631111AC3F858004A5F5F /* Resources */ = {
			isa = PBXResourcesBuildPhase;
			buildActionMask = 2147483647;
			files = (
				9C4631221AC3F859004A5F5F /* Main.storyboard in Resources */,
				9C4631271AC3F859004A5F5F /* LaunchScreen.xib in Resources */,
				9C4631241AC3F859004A5F5F /* Images.xcassets in Resources */,
			);
			runOnlyForDeploymentPostprocessing = 0;
		};
		9C46312A1AC3F859004A5F5F /* Resources */ = {
			isa = PBXResourcesBuildPhase;
			buildActionMask = 2147483647;
			files = (
			);
			runOnlyForDeploymentPostprocessing = 0;
		};
/* End PBXResourcesBuildPhase section */

/* Begin PBXSourcesBuildPhase section */
		9C46310F1AC3F858004A5F5F /* Sources */ = {
			isa = PBXSourcesBuildPhase;
			buildActionMask = 2147483647;
			files = (
				9C46311F1AC3F858004A5F5F /* ViewController.m in Sources */,
				9C46311C1AC3F858004A5F5F /* AppDelegate.m in Sources */,
				9C4631191AC3F858004A5F5F /* main.m in Sources */,
			);
			runOnlyForDeploymentPostprocessing = 0;
		};
		9C4631281AC3F859004A5F5F /* Sources */ = {
			isa = PBXSourcesBuildPhase;
			buildActionMask = 2147483647;
			files = (
				9C4631331AC3F859004A5F5F /* AlgorithmTestTests.m in Sources */,
			);
			runOnlyForDeploymentPostprocessing = 0;
		};
/* End PBXSourcesBuildPhase section */

/* Begin PBXTargetDependency section */
		9C46312E1AC3F859004A5F5F /* PBXTargetDependency */ = {
			isa = PBXTargetDependency;
			target = 9C4631121AC3F858004A5F5F /* AlgorithmTest */;
			targetProxy = 9C46312D1AC3F859004A5F5F /* PBXContainerItemProxy */;
		};
/* End PBXTargetDependency section */

/* Begin PBXVariantGroup section */
		9C4631201AC3F858004A5F5F /* Main.storyboard */ = {
			isa = PBXVariantGroup;
			children = (
				9C4631211AC3F859004A5F5F /* Base */,
			);
			name = Main.storyboard;
			sourceTree = "<group>";
		};
		9C4631251AC3F859004A5F5F /* LaunchScreen.xib */ = {
			isa = PBXVariantGroup;
			children = (
				9C4631261AC3F859004A5F5F /* Base */,
			);
			name = LaunchScreen.xib;
			sourceTree = "<group>";
		};
/* End PBXVariantGroup section */

/* Begin XCBuildConfiguration section */
		9C4631341AC3F859004A5F5F /* Debug */ = {
			isa = XCBuildConfiguration;
			buildSettings = {
				ALWAYS_SEARCH_USER_PATHS = NO;
				CLANG_CXX_LANGUAGE_STANDARD = "gnu++0x";
				CLANG_CXX_LIBRARY = "libc++";
				CLANG_ENABLE_MODULES = YES;
				CLANG_ENABLE_OBJC_ARC = YES;
				CLANG_WARN_BOOL_CONVERSION = YES;
				CLANG_WARN_CONSTANT_CONVERSION = YES;
				CLANG_WARN_DIRECT_OBJC_ISA_USAGE = YES_ERROR;
				CLANG_WARN_EMPTY_BODY = YES;
				CLANG_WARN_ENUM_CONVERSION = YES;
				CLANG_WARN_INT_CONVERSION = YES;
				CLANG_WARN_OBJC_ROOT_CLASS = YES_ERROR;
				CLANG_WARN_UNREACHABLE_CODE = YES;
				CLANG_WARN__DUPLICATE_METHOD_MATCH = YES;
				"CODE_SIGN_IDENTITY[sdk=iphoneos*]" = "iPhone Developer";
				COPY_PHASE_STRIP = NO;
				ENABLE_STRICT_OBJC_MSGSEND = YES;
				GCC_C_LANGUAGE_STANDARD = gnu99;
				GCC_DYNAMIC_NO_PIC = NO;
				GCC_OPTIMIZATION_LEVEL = 0;
				GCC_PREPROCESSOR_DEFINITIONS = (
					"DEBUG=1",
					"$(inherited)",
				);
				GCC_SYMBOLS_PRIVATE_EXTERN = NO;
				GCC_WARN_64_TO_32_BIT_CONVERSION = YES;
				GCC_WARN_ABOUT_RETURN_TYPE = YES_ERROR;
				GCC_WARN_UNDECLARED_SELECTOR = YES;
				GCC_WARN_UNINITIALIZED_AUTOS = YES_AGGRESSIVE;
				GCC_WARN_UNUSED_FUNCTION = YES;
				GCC_WARN_UNUSED_VARIABLE = YES;
				IPHONEOS_DEPLOYMENT_TARGET = 8.1;
				MTL_ENABLE_DEBUG_INFO = YES;
				ONLY_ACTIVE_ARCH = YES;
				SDKROOT = iphoneos;
			};
			name = Debug;
		};
		9C4631351AC3F859004A5F5F /* Release */ = {
			isa = XCBuildConfiguration;
			buildSettings = {
				ALWAYS_SEARCH_USER_PATHS = NO;
				CLANG_CXX_LANGUAGE_STANDARD = "gnu++0x";
				CLANG_CXX_LIBRARY = "libc++";
				CLANG_ENABLE_MODULES = YES;
				CLANG_ENABLE_OBJC_ARC = YES;
				CLANG_WARN_BOOL_CONVERSION = YES;
				CLANG_WARN_CONSTANT_CONVERSION = YES;
				CLANG_WARN_DIRECT_OBJC_ISA_USAGE = YES_ERROR;
				CLANG_WARN_EMPTY_BODY = YES;
				CLANG_WARN_ENUM_CONVERSION = YES;
				CLANG_WARN_INT_CONVERSION = YES;
				CLANG_WARN_OBJC_ROOT_CLASS = YES_ERROR;
				CLANG_WARN_UNREACHABLE_CODE = YES;
				CLANG_WARN__DUPLICATE_METHOD_MATCH = YES;
				"CODE_SIGN_IDENTITY[sdk=iphoneos*]" = "iPhone Developer";
				COPY_PHASE_STRIP = YES;
				ENABLE_NS_ASSERTIONS = NO;
				ENABLE_STRICT_OBJC_MSGSEND = YES;
				GCC_C_LANGUAGE_STANDARD = gnu99;
				GCC_WARN_64_TO_32_BIT_CONVERSION = YES;
				GCC_WARN_ABOUT_RETURN_TYPE = YES_ERROR;
				GCC_WARN_UNDECLARED_SELECTOR = YES;
				GCC_WARN_UNINITIALIZED_AUTOS = YES_AGGRESSIVE;
				GCC_WARN_UNUSED_FUNCTION = YES;
				GCC_WARN_UNUSED_VARIABLE = YES;
				IPHONEOS_DEPLOYMENT_TARGET = 8.1;
				MTL_ENABLE_DEBUG_INFO = NO;
				SDKROOT = iphoneos;
				VALIDATE_PRODUCT = YES;
			};
			name = Release;
		};
		9C4631371AC3F859004A5F5F /* Debug */ = {
			isa = XCBuildConfiguration;
			buildSettings = {
				ASSETCATALOG_COMPILER_APPICON_NAME = AppIcon;
				CODE_SIGN_IDENTITY = "iPhone Developer: liao yu (86DE7848TL)";
				INFOPLIST_FILE = AlgorithmTest/Info.plist;
				LD_RUNPATH_SEARCH_PATHS = "$(inherited) @executable_path/Frameworks";
				PRODUCT_NAME = "$(TARGET_NAME)";
				PROVISIONING_PROFILE = "b6c11eaf-76fa-4d59-bfcd-5b020ef329ff";
			};
			name = Debug;
		};
		9C4631381AC3F859004A5F5F /* Release */ = {
			isa = XCBuildConfiguration;
			buildSettings = {
				ASSETCATALOG_COMPILER_APPICON_NAME = AppIcon;
				CODE_SIGN_IDENTITY = "iPhone Developer: liao yu (86DE7848TL)";
				INFOPLIST_FILE = AlgorithmTest/Info.plist;
				LD_RUNPATH_SEARCH_PATHS = "$(inherited) @executable_path/Frameworks";
				PRODUCT_NAME = "$(TARGET_NAME)";
				PROVISIONING_PROFILE = "b6c11eaf-76fa-4d59-bfcd-5b020ef329ff";
			};
			name = Release;
		};
		9C46313A1AC3F859004A5F5F /* Debug */ = {
			isa = XCBuildConfiguration;
			buildSettings = {
				BUNDLE_LOADER = "$(TEST_HOST)";
				FRAMEWORK_SEARCH_PATHS = (
					"$(SDKROOT)/Developer/Library/Frameworks",
					"$(inherited)",
				);
				GCC_PREPROCESSOR_DEFINITIONS = (
					"DEBUG=1",
					"$(inherited)",
				);
				INFOPLIST_FILE = AlgorithmTestTests/Info.plist;
				LD_RUNPATH_SEARCH_PATHS = "$(inherited) @executable_path/Frameworks @loader_path/Frameworks";
				PRODUCT_NAME = "$(TARGET_NAME)";
				TEST_HOST = "$(BUILT_PRODUCTS_DIR)/AlgorithmTest.app/AlgorithmTest";
			};
			name = Debug;
		};
		9C46313B1AC3F859004A5F5F /* Release */ = {
			isa = XCBuildConfiguration;
			buildSettings = {
				BUNDLE_LOADER = "$(TEST_HOST)";
				FRAMEWORK_SEARCH_PATHS = (
					"$(SDKROOT)/Developer/Library/Frameworks",
					"$(inherited)",
				);
				INFOPLIST_FILE = AlgorithmTestTests/Info.plist;
				LD_RUNPATH_SEARCH_PATHS = "$(inherited) @executable_path/Frameworks @loader_path/Frameworks";
				PRODUCT_NAME = "$(TARGET_NAME)";
				TEST_HOST = "$(BUILT_PRODUCTS_DIR)/AlgorithmTest.app/AlgorithmTest";
			};
			name = Release;
		};
/* End XCBuildConfiguration section */

/* Begin XCConfigurationList section */
		9C46310E1AC3F858004A5F5F /* Build configuration list for PBXProject "AlgorithmTest" */ = {
			isa = XCConfigurationList;
			buildConfigurations = (
				9C4631341AC3F859004A5F5F /* Debug */,
				9C4631351AC3F859004A5F5F /* Release */,
			);
			defaultConfigurationIsVisible = 0;
			defaultConfigurationName = Release;
		};
		9C4631361AC3F859004A5F5F /* Build configuration list for PBXNativeTarget "AlgorithmTest" */ = {
			isa = XCConfigurationList;
			buildConfigurations = (
				9C4631371AC3F859004A5F5F /* Debug */,
				9C4631381AC3F859004A5F5F /* Release */,
			);
			defaultConfigurationIsVisible = 0;
		};
		9C4631391AC3F859004A5F5F /* Build configuration list for PBXNativeTarget "AlgorithmTestTests" */ = {
			isa = XCConfigurationList;
			buildConfigurations = (
				9C46313A1AC3F859004A5F5F /* Debug */,
				9C46313B1AC3F859004A5F5F /* Release */,
			);
			defaultConfigurationIsVisible = 0;
		};
/* End XCConfigurationList section */
	};
	rootObject = 9C46310B1AC3F858004A5F5F /* Project object */;
}
